// !$*UTF8*$!
{
	archiveVersion = 1;
	classes = {
	};
	objectVersion = 46;
	objects = {

/* Begin PBXBuildFile section */
		B1489BF118A57829006F734C /* ixlEditFileObject.m in Sources */ = {isa = PBXBuildFile; fileRef = B1489BF018A57829006F734C /* ixlEditFileObject.m */; };
		B1B31A2E1891A1B500514E79 /* Foundation.framework in Frameworks */ = {isa = PBXBuildFile; fileRef = B1B31A2D1891A1B500514E79 /* Foundation.framework */; };
		B1B31A301891A1B500514E79 /* CoreGraphics.framework in Frameworks */ = {isa = PBXBuildFile; fileRef = B1B31A2F1891A1B500514E79 /* CoreGraphics.framework */; };
		B1B31A321891A1B500514E79 /* UIKit.framework in Frameworks */ = {isa = PBXBuildFile; fileRef = B1B31A311891A1B500514E79 /* UIKit.framework */; };
		B1B31A381891A1B500514E79 /* InfoPlist.strings in Resources */ = {isa = PBXBuildFile; fileRef = B1B31A361891A1B500514E79 /* InfoPlist.strings */; };
		B1B31A3A1891A1B500514E79 /* main.m in Sources */ = {isa = PBXBuildFile; fileRef = B1B31A391891A1B500514E79 /* main.m */; };
		B1B31A3E1891A1B500514E79 /* AppDelegate.m in Sources */ = {isa = PBXBuildFile; fileRef = B1B31A3D1891A1B500514E79 /* AppDelegate.m */; };
		B1B31A411891A1B500514E79 /* Main.storyboard in Resources */ = {isa = PBXBuildFile; fileRef = B1B31A3F1891A1B500514E79 /* Main.storyboard */; };
		B1B31A461891A1B500514E79 /* Images.xcassets in Resources */ = {isa = PBXBuildFile; fileRef = B1B31A451891A1B500514E79 /* Images.xcassets */; };
		B1B31A4D1891A1B500514E79 /* XCTest.framework in Frameworks */ = {isa = PBXBuildFile; fileRef = B1B31A4C1891A1B500514E79 /* XCTest.framework */; };
		B1B31A4E1891A1B500514E79 /* Foundation.framework in Frameworks */ = {isa = PBXBuildFile; fileRef = B1B31A2D1891A1B500514E79 /* Foundation.framework */; };
		B1B31A4F1891A1B500514E79 /* UIKit.framework in Frameworks */ = {isa = PBXBuildFile; fileRef = B1B31A311891A1B500514E79 /* UIKit.framework */; };
		B1B31A571891A1B500514E79 /* InfoPlist.strings in Resources */ = {isa = PBXBuildFile; fileRef = B1B31A551891A1B500514E79 /* InfoPlist.strings */; };
		B1B31A591891A1B500514E79 /* Advantage_Player__CrapsTests.m in Sources */ = {isa = PBXBuildFile; fileRef = B1B31A581891A1B500514E79 /* Advantage_Player__CrapsTests.m */; };
		B1B31A641891A2C800514E79 /* MainViewController.m in Sources */ = {isa = PBXBuildFile; fileRef = B1B31A631891A2C800514E79 /* MainViewController.m */; };
		B1B31A671891A49500514E79 /* B_ViewController.m in Sources */ = {isa = PBXBuildFile; fileRef = B1B31A661891A49500514E79 /* B_ViewController.m */; };
		B1B31A6A1891A60700514E79 /* B2_ViewController.m in Sources */ = {isa = PBXBuildFile; fileRef = B1B31A691891A60700514E79 /* B2_ViewController.m */; };
		B1B31A6D1891A6A100514E79 /* C_ViewController.m in Sources */ = {isa = PBXBuildFile; fileRef = B1B31A6C1891A6A100514E79 /* C_ViewController.m */; };
		B1B31A701891A72100514E79 /* D_ViewController.m in Sources */ = {isa = PBXBuildFile; fileRef = B1B31A6F1891A72100514E79 /* D_ViewController.m */; };
		B1B31A731891A78C00514E79 /* E_ViewController.m in Sources */ = {isa = PBXBuildFile; fileRef = B1B31A721891A78C00514E79 /* E_ViewController.m */; };
		B1B31AA81899C3C500514E79 /* ixlPlayerProfile.m in Sources */ = {isa = PBXBuildFile; fileRef = B1B31AA71899C3C500514E79 /* ixlPlayerProfile.m */; };
		B1B31AAE189B4C3E00514E79 /* playerProfile.plist in Resources */ = {isa = PBXBuildFile; fileRef = B1B31AAD189B4C3E00514E79 /* playerProfile.plist */; };
/* End PBXBuildFile section */

/* Begin PBXContainerItemProxy section */
		B1B31A501891A1B500514E79 /* PBXContainerItemProxy */ = {
			isa = PBXContainerItemProxy;
			containerPortal = B1B31A221891A1B500514E79 /* Project object */;
			proxyType = 1;
			remoteGlobalIDString = B1B31A291891A1B500514E79;
			remoteInfo = "Advantage Player: Craps";
		};
/* End PBXContainerItemProxy section */

/* Begin PBXFileReference section */
		B1489BEF18A57829006F734C /* ixlEditFileObject.h */ = {isa = PBXFileReference; fileEncoding = 4; lastKnownFileType = sourcecode.c.h; path = ixlEditFileObject.h; sourceTree = "<group>"; };
		B1489BF018A57829006F734C /* ixlEditFileObject.m */ = {isa = PBXFileReference; fileEncoding = 4; lastKnownFileType = sourcecode.c.objc; path = ixlEditFileObject.m; sourceTree = "<group>"; };
		B1B31A2A1891A1B500514E79 /* Advantage Player: Craps.app */ = {isa = PBXFileReference; explicitFileType = wrapper.application; includeInIndex = 0; path = "Advantage Player: Craps.app"; sourceTree = BUILT_PRODUCTS_DIR; };
		B1B31A2D1891A1B500514E79 /* Foundation.framework */ = {isa = PBXFileReference; lastKnownFileType = wrapper.framework; name = Foundation.framework; path = System/Library/Frameworks/Foundation.framework; sourceTree = SDKROOT; };
		B1B31A2F1891A1B500514E79 /* CoreGraphics.framework */ = {isa = PBXFileReference; lastKnownFileType = wrapper.framework; name = CoreGraphics.framework; path = System/Library/Frameworks/CoreGraphics.framework; sourceTree = SDKROOT; };
		B1B31A311891A1B500514E79 /* UIKit.framework */ = {isa = PBXFileReference; lastKnownFileType = wrapper.framework; name = UIKit.framework; path = System/Library/Frameworks/UIKit.framework; sourceTree = SDKROOT; };
		B1B31A351891A1B500514E79 /* Advantage Player: Craps-Info.plist */ = {isa = PBXFileReference; lastKnownFileType = text.plist.xml; path = "Advantage Player: Craps-Info.plist"; sourceTree = "<group>"; };
		B1B31A371891A1B500514E79 /* en */ = {isa = PBXFileReference; lastKnownFileType = text.plist.strings; name = en; path = en.lproj/InfoPlist.strings; sourceTree = "<group>"; };
		B1B31A391891A1B500514E79 /* main.m */ = {isa = PBXFileReference; lastKnownFileType = sourcecode.c.objc; path = main.m; sourceTree = "<group>"; };
		B1B31A3B1891A1B500514E79 /* Advantage Player: Craps-Prefix.pch */ = {isa = PBXFileReference; lastKnownFileType = sourcecode.c.h; path = "Advantage Player: Craps-Prefix.pch"; sourceTree = "<group>"; };
		B1B31A3C1891A1B500514E79 /* AppDelegate.h */ = {isa = PBXFileReference; lastKnownFileType = sourcecode.c.h; path = AppDelegate.h; sourceTree = "<group>"; };
		B1B31A3D1891A1B500514E79 /* AppDelegate.m */ = {isa = PBXFileReference; lastKnownFileType = sourcecode.c.objc; path = AppDelegate.m; sourceTree = "<group>"; };
		B1B31A401891A1B500514E79 /* Base */ = {isa = PBXFileReference; lastKnownFileType = file.storyboard; name = Base; path = Base.lproj/Main.storyboard; sourceTree = "<group>"; };
		B1B31A451891A1B500514E79 /* Images.xcassets */ = {isa = PBXFileReference; lastKnownFileType = folder.assetcatalog; path = Images.xcassets; sourceTree = "<group>"; };
		B1B31A4B1891A1B500514E79 /* Advantage Player: CrapsTests.xctest */ = {isa = PBXFileReference; explicitFileType = wrapper.cfbundle; includeInIndex = 0; path = "Advantage Player: CrapsTests.xctest"; sourceTree = BUILT_PRODUCTS_DIR; };
		B1B31A4C1891A1B500514E79 /* XCTest.framework */ = {isa = PBXFileReference; lastKnownFileType = wrapper.framework; name = XCTest.framework; path = Library/Frameworks/XCTest.framework; sourceTree = DEVELOPER_DIR; };
		B1B31A541891A1B500514E79 /* Advantage Player: CrapsTests-Info.plist */ = {isa = PBXFileReference; lastKnownFileType = text.plist.xml; path = "Advantage Player: CrapsTests-Info.plist"; sourceTree = "<group>"; };
		B1B31A561891A1B500514E79 /* en */ = {isa = PBXFileReference; lastKnownFileType = text.plist.strings; name = en; path = en.lproj/InfoPlist.strings; sourceTree = "<group>"; };
		B1B31A581891A1B500514E79 /* Advantage_Player__CrapsTests.m */ = {isa = PBXFileReference; lastKnownFileType = sourcecode.c.objc; path = Advantage_Player__CrapsTests.m; sourceTree = "<group>"; };
		B1B31A621891A2C800514E79 /* MainViewController.h */ = {isa = PBXFileReference; fileEncoding = 4; lastKnownFileType = sourcecode.c.h; path = MainViewController.h; sourceTree = "<group>"; };
		B1B31A631891A2C800514E79 /* MainViewController.m */ = {isa = PBXFileReference; fileEncoding = 4; lastKnownFileType = sourcecode.c.objc; path = MainViewController.m; sourceTree = "<group>"; };
		B1B31A651891A49500514E79 /* B_ViewController.h */ = {isa = PBXFileReference; fileEncoding = 4; lastKnownFileType = sourcecode.c.h; path = B_ViewController.h; sourceTree = "<group>"; };
		B1B31A661891A49500514E79 /* B_ViewController.m */ = {isa = PBXFileReference; fileEncoding = 4; lastKnownFileType = sourcecode.c.objc; path = B_ViewController.m; sourceTree = "<group>"; };
		B1B31A681891A60700514E79 /* B2_ViewController.h */ = {isa = PBXFileReference; fileEncoding = 4; lastKnownFileType = sourcecode.c.h; path = B2_ViewController.h; sourceTree = "<group>"; };
		B1B31A691891A60700514E79 /* B2_ViewController.m */ = {isa = PBXFileReference; fileEncoding = 4; lastKnownFileType = sourcecode.c.objc; path = B2_ViewController.m; sourceTree = "<group>"; };
		B1B31A6B1891A6A100514E79 /* C_ViewController.h */ = {isa = PBXFileReference; fileEncoding = 4; lastKnownFileType = sourcecode.c.h; path = C_ViewController.h; sourceTree = "<group>"; };
		B1B31A6C1891A6A100514E79 /* C_ViewController.m */ = {isa = PBXFileReference; fileEncoding = 4; lastKnownFileType = sourcecode.c.objc; path = C_ViewController.m; sourceTree = "<group>"; };
		B1B31A6E1891A72100514E79 /* D_ViewController.h */ = {isa = PBXFileReference; fileEncoding = 4; lastKnownFileType = sourcecode.c.h; path = D_ViewController.h; sourceTree = "<group>"; };
		B1B31A6F1891A72100514E79 /* D_ViewController.m */ = {isa = PBXFileReference; fileEncoding = 4; lastKnownFileType = sourcecode.c.objc; path = D_ViewController.m; sourceTree = "<group>"; };
		B1B31A711891A78C00514E79 /* E_ViewController.h */ = {isa = PBXFileReference; fileEncoding = 4; lastKnownFileType = sourcecode.c.h; path = E_ViewController.h; sourceTree = "<group>"; };
		B1B31A721891A78C00514E79 /* E_ViewController.m */ = {isa = PBXFileReference; fileEncoding = 4; lastKnownFileType = sourcecode.c.objc; path = E_ViewController.m; sourceTree = "<group>"; };
		B1B31AA61899C3C500514E79 /* ixlPlayerProfile.h */ = {isa = PBXFileReference; fileEncoding = 4; lastKnownFileType = sourcecode.c.h; path = ixlPlayerProfile.h; sourceTree = "<group>"; };
		B1B31AA71899C3C500514E79 /* ixlPlayerProfile.m */ = {isa = PBXFileReference; fileEncoding = 4; lastKnownFileType = sourcecode.c.objc; path = ixlPlayerProfile.m; sourceTree = "<group>"; };
		B1B31AAD189B4C3E00514E79 /* playerProfile.plist */ = {isa = PBXFileReference; fileEncoding = 4; lastKnownFileType = text.plist.xml; path = playerProfile.plist; sourceTree = "<group>"; };
/* End PBXFileReference section */

/* Begin PBXFrameworksBuildPhase section */
		B1B31A271891A1B500514E79 /* Frameworks */ = {
			isa = PBXFrameworksBuildPhase;
			buildActionMask = 2147483647;
			files = (
				B1B31A301891A1B500514E79 /* CoreGraphics.framework in Frameworks */,
				B1B31A321891A1B500514E79 /* UIKit.framework in Frameworks */,
				B1B31A2E1891A1B500514E79 /* Foundation.framework in Frameworks */,
			);
			runOnlyForDeploymentPostprocessing = 0;
		};
		B1B31A481891A1B500514E79 /* Frameworks */ = {
			isa = PBXFrameworksBuildPhase;
			buildActionMask = 2147483647;
			files = (
				B1B31A4D1891A1B500514E79 /* XCTest.framework in Frameworks */,
				B1B31A4F1891A1B500514E79 /* UIKit.framework in Frameworks */,
				B1B31A4E1891A1B500514E79 /* Foundation.framework in Frameworks */,
			);
			runOnlyForDeploymentPostprocessing = 0;
		};
/* End PBXFrameworksBuildPhase section */

/* Begin PBXGroup section */
		B1B31A211891A1B500514E79 = {
			isa = PBXGroup;
			children = (
				B1B31A331891A1B500514E79 /* Advantage Player: Craps */,
				B1B31A521891A1B500514E79 /* Advantage Player: CrapsTests */,
				B1B31A2C1891A1B500514E79 /* Frameworks */,
				B1B31A2B1891A1B500514E79 /* Products */,
			);
			sourceTree = "<group>";
		};
		B1B31A2B1891A1B500514E79 /* Products */ = {
			isa = PBXGroup;
			children = (
				B1B31A2A1891A1B500514E79 /* Advantage Player: Craps.app */,
				B1B31A4B1891A1B500514E79 /* Advantage Player: CrapsTests.xctest */,
			);
			name = Products;
			sourceTree = "<group>";
		};
		B1B31A2C1891A1B500514E79 /* Frameworks */ = {
			isa = PBXGroup;
			children = (
				B1B31A2D1891A1B500514E79 /* Foundation.framework */,
				B1B31A2F1891A1B500514E79 /* CoreGraphics.framework */,
				B1B31A311891A1B500514E79 /* UIKit.framework */,
				B1B31A4C1891A1B500514E79 /* XCTest.framework */,
			);
			name = Frameworks;
			sourceTree = "<group>";
		};
		B1B31A331891A1B500514E79 /* Advantage Player: Craps */ = {
			isa = PBXGroup;
			children = (
				B1B31AAD189B4C3E00514E79 /* playerProfile.plist */,
				B1B31A3C1891A1B500514E79 /* AppDelegate.h */,
				B1B31A3D1891A1B500514E79 /* AppDelegate.m */,
				B1B31A3F1891A1B500514E79 /* Main.storyboard */,
				B1489BEF18A57829006F734C /* ixlEditFileObject.h */,
				B1489BF018A57829006F734C /* ixlEditFileObject.m */,
				B1B31AA61899C3C500514E79 /* ixlPlayerProfile.h */,
				B1B31AA71899C3C500514E79 /* ixlPlayerProfile.m */,
				B1B31A451891A1B500514E79 /* Images.xcassets */,
				B1B31A341891A1B500514E79 /* Supporting Files */,
				B1B31A621891A2C800514E79 /* MainViewController.h */,
				B1B31A631891A2C800514E79 /* MainViewController.m */,
				B1B31A651891A49500514E79 /* B_ViewController.h */,
				B1B31A661891A49500514E79 /* B_ViewController.m */,
				B1B31A681891A60700514E79 /* B2_ViewController.h */,
				B1B31A691891A60700514E79 /* B2_ViewController.m */,
				B1B31A6B1891A6A100514E79 /* C_ViewController.h */,
				B1B31A6C1891A6A100514E79 /* C_ViewController.m */,
				B1B31A6E1891A72100514E79 /* D_ViewController.h */,
				B1B31A6F1891A72100514E79 /* D_ViewController.m */,
				B1B31A711891A78C00514E79 /* E_ViewController.h */,
				B1B31A721891A78C00514E79 /* E_ViewController.m */,
			);
			path = "Advantage Player: Craps";
			sourceTree = "<group>";
		};
		B1B31A341891A1B500514E79 /* Supporting Files */ = {
			isa = PBXGroup;
			children = (
				B1B31A351891A1B500514E79 /* Advantage Player: Craps-Info.plist */,
				B1B31A361891A1B500514E79 /* InfoPlist.strings */,
				B1B31A391891A1B500514E79 /* main.m */,
				B1B31A3B1891A1B500514E79 /* Advantage Player: Craps-Prefix.pch */,
			);
			name = "Supporting Files";
			sourceTree = "<group>";
		};
		B1B31A521891A1B500514E79 /* Advantage Player: CrapsTests */ = {
			isa = PBXGroup;
			children = (
				B1B31A581891A1B500514E79 /* Advantage_Player__CrapsTests.m */,
				B1B31A531891A1B500514E79 /* Supporting Files */,
			);
			path = "Advantage Player: CrapsTests";
			sourceTree = "<group>";
		};
		B1B31A531891A1B500514E79 /* Supporting Files */ = {
			isa = PBXGroup;
			children = (
				B1B31A541891A1B500514E79 /* Advantage Player: CrapsTests-Info.plist */,
				B1B31A551891A1B500514E79 /* InfoPlist.strings */,
			);
			name = "Supporting Files";
			sourceTree = "<group>";
		};
/* End PBXGroup section */

/* Begin PBXNativeTarget section */
		B1B31A291891A1B500514E79 /* Advantage Player: Craps */ = {
			isa = PBXNativeTarget;
			buildConfigurationList = B1B31A5C1891A1B500514E79 /* Build configuration list for PBXNativeTarget "Advantage Player: Craps" */;
			buildPhases = (
				B1B31A261891A1B500514E79 /* Sources */,
				B1B31A271891A1B500514E79 /* Frameworks */,
				B1B31A281891A1B500514E79 /* Resources */,
			);
			buildRules = (
			);
			dependencies = (
			);
			name = "Advantage Player: Craps";
			productName = "Advantage Player: Craps";
			productReference = B1B31A2A1891A1B500514E79 /* Advantage Player: Craps.app */;
			productType = "com.apple.product-type.application";
		};
		B1B31A4A1891A1B500514E79 /* Advantage Player: CrapsTests */ = {
			isa = PBXNativeTarget;
			buildConfigurationList = B1B31A5F1891A1B500514E79 /* Build configuration list for PBXNativeTarget "Advantage Player: CrapsTests" */;
			buildPhases = (
				B1B31A471891A1B500514E79 /* Sources */,
				B1B31A481891A1B500514E79 /* Frameworks */,
				B1B31A491891A1B500514E79 /* Resources */,
			);
			buildRules = (
			);
			dependencies = (
				B1B31A511891A1B500514E79 /* PBXTargetDependency */,
			);
			name = "Advantage Player: CrapsTests";
			productName = "Advantage Player: CrapsTests";
			productReference = B1B31A4B1891A1B500514E79 /* Advantage Player: CrapsTests.xctest */;
			productType = "com.apple.product-type.bundle.unit-test";
		};
/* End PBXNativeTarget section */

/* Begin PBXProject section */
		B1B31A221891A1B500514E79 /* Project object */ = {
			isa = PBXProject;
			attributes = {
				LastUpgradeCheck = 0500;
				ORGANIZATIONNAME = IXLabs;
				TargetAttributes = {
					B1B31A4A1891A1B500514E79 = {
						TestTargetID = B1B31A291891A1B500514E79;
					};
				};
			};
			buildConfigurationList = B1B31A251891A1B500514E79 /* Build configuration list for PBXProject "Advantage Player: Craps" */;
			compatibilityVersion = "Xcode 3.2";
			developmentRegion = English;
			hasScannedForEncodings = 0;
			knownRegions = (
				en,
				Base,
			);
			mainGroup = B1B31A211891A1B500514E79;
			productRefGroup = B1B31A2B1891A1B500514E79 /* Products */;
			projectDirPath = "";
			projectRoot = "";
			targets = (
				B1B31A291891A1B500514E79 /* Advantage Player: Craps */,
				B1B31A4A1891A1B500514E79 /* Advantage Player: CrapsTests */,
			);
		};
/* End PBXProject section */

/* Begin PBXResourcesBuildPhase section */
		B1B31A281891A1B500514E79 /* Resources */ = {
			isa = PBXResourcesBuildPhase;
			buildActionMask = 2147483647;
			files = (
				B1B31A461891A1B500514E79 /* Images.xcassets in Resources */,
				B1B31A381891A1B500514E79 /* InfoPlist.strings in Resources */,
				B1B31A411891A1B500514E79 /* Main.storyboard in Resources */,
				B1B31AAE189B4C3E00514E79 /* playerProfile.plist in Resources */,
			);
			runOnlyForDeploymentPostprocessing = 0;
		};
		B1B31A491891A1B500514E79 /* Resources */ = {
			isa = PBXResourcesBuildPhase;
			buildActionMask = 2147483647;
			files = (
				B1B31A571891A1B500514E79 /* InfoPlist.strings in Resources */,
			);
			runOnlyForDeploymentPostprocessing = 0;
		};
/* End PBXResourcesBuildPhase section */

/* Begin PBXSourcesBuildPhase section */
		B1B31A261891A1B500514E79 /* Sources */ = {
			isa = PBXSourcesBuildPhase;
			buildActionMask = 2147483647;
			files = (
				B1B31AA81899C3C500514E79 /* ixlPlayerProfile.m in Sources */,
				B1B31A731891A78C00514E79 /* E_ViewController.m in Sources */,
				B1489BF118A57829006F734C /* ixlEditFileObject.m in Sources */,
				B1B31A3E1891A1B500514E79 /* AppDelegate.m in Sources */,
				B1B31A6A1891A60700514E79 /* B2_ViewController.m in Sources */,
				B1B31A6D1891A6A100514E79 /* C_ViewController.m in Sources */,
				B1B31A671891A49500514E79 /* B_ViewController.m in Sources */,
				B1B31A641891A2C800514E79 /* MainViewController.m in Sources */,
				B1B31A701891A72100514E79 /* D_ViewController.m in Sources */,
				B1B31A3A1891A1B500514E79 /* main.m in Sources */,
			);
			runOnlyForDeploymentPostprocessing = 0;
		};
		B1B31A471891A1B500514E79 /* Sources */ = {
			isa = PBXSourcesBuildPhase;
			buildActionMask = 2147483647;
			files = (
				B1B31A591891A1B500514E79 /* Advantage_Player__CrapsTests.m in Sources */,
			);
			runOnlyForDeploymentPostprocessing = 0;
		};
/* End PBXSourcesBuildPhase section */

/* Begin PBXTargetDependency section */
		B1B31A511891A1B500514E79 /* PBXTargetDependency */ = {
			isa = PBXTargetDependency;
			target = B1B31A291891A1B500514E79 /* Advantage Player: Craps */;
			targetProxy = B1B31A501891A1B500514E79 /* PBXContainerItemProxy */;
		};
/* End PBXTargetDependency section */

/* Begin PBXVariantGroup section */
		B1B31A361891A1B500514E79 /* InfoPlist.strings */ = {
			isa = PBXVariantGroup;
			children = (
				B1B31A371891A1B500514E79 /* en */,
			);
			name = InfoPlist.strings;
			sourceTree = "<group>";
		};
		B1B31A3F1891A1B500514E79 /* Main.storyboard */ = {
			isa = PBXVariantGroup;
			children = (
				B1B31A401891A1B500514E79 /* Base */,
			);
			name = Main.storyboard;
			sourceTree = "<group>";
		};
		B1B31A551891A1B500514E79 /* InfoPlist.strings */ = {
			isa = PBXVariantGroup;
			children = (
				B1B31A561891A1B500514E79 /* en */,
			);
			name = InfoPlist.strings;
			sourceTree = "<group>";
		};
/* End PBXVariantGroup section */

/* Begin XCBuildConfiguration section */
		B1B31A5A1891A1B500514E79 /* Debug */ = {
			isa = XCBuildConfiguration;
			buildSettings = {
				ALWAYS_SEARCH_USER_PATHS = NO;
				ARCHS = "$(ARCHS_STANDARD_INCLUDING_64_BIT)";
				CLANG_CXX_LANGUAGE_STANDARD = "gnu++0x";
				CLANG_CXX_LIBRARY = "libc++";
				CLANG_ENABLE_MODULES = YES;
				CLANG_ENABLE_OBJC_ARC = YES;
				CLANG_WARN_BOOL_CONVERSION = YES;
				CLANG_WARN_CONSTANT_CONVERSION = YES;
				CLANG_WARN_DIRECT_OBJC_ISA_USAGE = YES_ERROR;
				CLANG_WARN_EMPTY_BODY = YES;
				CLANG_WARN_ENUM_CONVERSION = YES;
				CLANG_WARN_INT_CONVERSION = YES;
				CLANG_WARN_OBJC_ROOT_CLASS = YES_ERROR;
				CLANG_WARN__DUPLICATE_METHOD_MATCH = YES;
				"CODE_SIGN_IDENTITY[sdk=iphoneos*]" = "iPhone Developer";
				COPY_PHASE_STRIP = NO;
				GCC_C_LANGUAGE_STANDARD = gnu99;
				GCC_DYNAMIC_NO_PIC = NO;
				GCC_OPTIMIZATION_LEVEL = 0;
				GCC_PREPROCESSOR_DEFINITIONS = (
					"DEBUG=1",
					"$(inherited)",
				);
				GCC_SYMBOLS_PRIVATE_EXTERN = NO;
				GCC_WARN_64_TO_32_BIT_CONVERSION = YES;
				GCC_WARN_ABOUT_RETURN_TYPE = YES_ERROR;
				GCC_WARN_UNDECLARED_SELECTOR = YES;
				GCC_WARN_UNINITIALIZED_AUTOS = YES;
				GCC_WARN_UNUSED_FUNCTION = YES;
				GCC_WARN_UNUSED_VARIABLE = YES;
				IPHONEOS_DEPLOYMENT_TARGET = 7.0;
				ONLY_ACTIVE_ARCH = YES;
				SDKROOT = iphoneos;
			};
			name = Debug;
		};
		B1B31A5B1891A1B500514E79 /* Release */ = {
			isa = XCBuildConfiguration;
			buildSettings = {
				ALWAYS_SEARCH_USER_PATHS = NO;
				ARCHS = "$(ARCHS_STANDARD_INCLUDING_64_BIT)";
				CLANG_CXX_LANGUAGE_STANDARD = "gnu++0x";
				CLANG_CXX_LIBRARY = "libc++";
				CLANG_ENABLE_MODULES = YES;
				CLANG_ENABLE_OBJC_ARC = YES;
				CLANG_WARN_BOOL_CONVERSION = YES;
				CLANG_WARN_CONSTANT_CONVERSION = YES;
				CLANG_WARN_DIRECT_OBJC_ISA_USAGE = YES_ERROR;
				CLANG_WARN_EMPTY_BODY = YES;
				CLANG_WARN_ENUM_CONVERSION = YES;
				CLANG_WARN_INT_CONVERSION = YES;
				CLANG_WARN_OBJC_ROOT_CLASS = YES_ERROR;
				CLANG_WARN__DUPLICATE_METHOD_MATCH = YES;
				"CODE_SIGN_IDENTITY[sdk=iphoneos*]" = "iPhone Developer";
				COPY_PHASE_STRIP = YES;
				ENABLE_NS_ASSERTIONS = NO;
				GCC_C_LANGUAGE_STANDARD = gnu99;
				GCC_WARN_64_TO_32_BIT_CONVERSION = YES;
				GCC_WARN_ABOUT_RETURN_TYPE = YES_ERROR;
				GCC_WARN_UNDECLARED_SELECTOR = YES;
				GCC_WARN_UNINITIALIZED_AUTOS = YES;
				GCC_WARN_UNUSED_FUNCTION = YES;
				GCC_WARN_UNUSED_VARIABLE = YES;
				IPHONEOS_DEPLOYMENT_TARGET = 7.0;
				SDKROOT = iphoneos;
				VALIDATE_PRODUCT = YES;
			};
			name = Release;
		};
		B1B31A5D1891A1B500514E79 /* Debug */ = {
			isa = XCBuildConfiguration;
			buildSettings = {
				ASSETCATALOG_COMPILER_APPICON_NAME = AppIcon;
				ASSETCATALOG_COMPILER_LAUNCHIMAGE_NAME = LaunchImage;
				CODE_SIGN_IDENTITY = "iPhone Developer";
				GCC_PRECOMPILE_PREFIX_HEADER = YES;
				GCC_PREFIX_HEADER = "Advantage Player: Craps/Advantage Player: Craps-Prefix.pch";
				INFOPLIST_FILE = "Advantage Player: Craps/Advantage Player: Craps-Info.plist";
				IPHONEOS_DEPLOYMENT_TARGET = 6.0;
				PRODUCT_NAME = "$(TARGET_NAME)";
				WRAPPER_EXTENSION = app;
			};
			name = Debug;
		};
		B1B31A5E1891A1B500514E79 /* Release */ = {
			isa = XCBuildConfiguration;
			buildSettings = {
				ASSETCATALOG_COMPILER_APPICON_NAME = AppIcon;
				ASSETCATALOG_COMPILER_LAUNCHIMAGE_NAME = LaunchImage;
				CODE_SIGN_IDENTITY = "iPhone Developer";
				GCC_PRECOMPILE_PREFIX_HEADER = YES;
				GCC_PREFIX_HEADER = "Advantage Player: Craps/Advantage Player: Craps-Prefix.pch";
				INFOPLIST_FILE = "Advantage Player: Craps/Advantage Player: Craps-Info.plist";
				IPHONEOS_DEPLOYMENT_TARGET = 6.0;
				PRODUCT_NAME = "$(TARGET_NAME)";
				WRAPPER_EXTENSION = app;
			};
			name = Release;
		};
		B1B31A601891A1B500514E79 /* Debug */ = {
			isa = XCBuildConfiguration;
			buildSettings = {
				ARCHS = "$(ARCHS_STANDARD_INCLUDING_64_BIT)";
				BUNDLE_LOADER = "$(BUILT_PRODUCTS_DIR)/Advantage Player: Craps.app/Advantage Player: Craps";
				FRAMEWORK_SEARCH_PATHS = (
					"$(SDKROOT)/Developer/Library/Frameworks",
					"$(inherited)",
					"$(DEVELOPER_FRAMEWORKS_DIR)",
				);
				GCC_PRECOMPILE_PREFIX_HEADER = YES;
				GCC_PREFIX_HEADER = "Advantage Player: Craps/Advantage Player: Craps-Prefix.pch";
				GCC_PREPROCESSOR_DEFINITIONS = (
					"DEBUG=1",
					"$(inherited)",
				);
				INFOPLIST_FILE = "Advantage Player: CrapsTests/Advantage Player: CrapsTests-Info.plist";
				PRODUCT_NAME = "$(TARGET_NAME)";
				TEST_HOST = "$(BUNDLE_LOADER)";
				WRAPPER_EXTENSION = xctest;
			};
			name = Debug;
		};
		B1B31A611891A1B500514E79 /* Release */ = {
			isa = XCBuildConfiguration;
			buildSettings = {
				ARCHS = "$(ARCHS_STANDARD_INCLUDING_64_BIT)";
				BUNDLE_LOADER = "$(BUILT_PRODUCTS_DIR)/Advantage Player: Craps.app/Advantage Player: Craps";
				FRAMEWORK_SEARCH_PATHS = (
					"$(SDKROOT)/Developer/Library/Frameworks",
					"$(inherited)",
					"$(DEVELOPER_FRAMEWORKS_DIR)",
				);
				GCC_PRECOMPILE_PREFIX_HEADER = YES;
				GCC_PREFIX_HEADER = "Advantage Player: Craps/Advantage Player: Craps-Prefix.pch";
				INFOPLIST_FILE = "Advantage Player: CrapsTests/Advantage Player: CrapsTests-Info.plist";
				PRODUCT_NAME = "$(TARGET_NAME)";
				TEST_HOST = "$(BUNDLE_LOADER)";
				WRAPPER_EXTENSION = xctest;
			};
			name = Release;
		};
/* End XCBuildConfiguration section */

/* Begin XCConfigurationList section */
		B1B31A251891A1B500514E79 /* Build configuration list for PBXProject "Advantage Player: Craps" */ = {
			isa = XCConfigurationList;
			buildConfigurations = (
				B1B31A5A1891A1B500514E79 /* Debug */,
				B1B31A5B1891A1B500514E79 /* Release */,
			);
			defaultConfigurationIsVisible = 0;
			defaultConfigurationName = Release;
		};
		B1B31A5C1891A1B500514E79 /* Build configuration list for PBXNativeTarget "Advantage Player: Craps" */ = {
			isa = XCConfigurationList;
			buildConfigurations = (
				B1B31A5D1891A1B500514E79 /* Debug */,
				B1B31A5E1891A1B500514E79 /* Release */,
			);
			defaultConfigurationIsVisible = 0;
			defaultConfigurationName = Release;
		};
		B1B31A5F1891A1B500514E79 /* Build configuration list for PBXNativeTarget "Advantage Player: CrapsTests" */ = {
			isa = XCConfigurationList;
			buildConfigurations = (
				B1B31A601891A1B500514E79 /* Debug */,
				B1B31A611891A1B500514E79 /* Release */,
			);
			defaultConfigurationIsVisible = 0;
			defaultConfigurationName = Release;
		};
/* End XCConfigurationList section */
	};
	rootObject = B1B31A221891A1B500514E79 /* Project object */;
}
